{
  "nodes": {
    "docker-tools": {
      "inputs": {
        "nixpkgs": [
          "nixpkgs"
        ]
      },
      "locked": {
        "lastModified": 1645317435,
        "narHash": "sha256-ftMNLgziaUzkP/YcOzhZdl4r/7khs6XDs9z1j66sQA8=",
        "owner": "ZentriaMC",
        "repo": "docker-tools",
        "rev": "24e5e999e9910eddbbe68a98c31c979e72961dbf",
        "type": "github"
      },
      "original": {
        "owner": "ZentriaMC",
        "repo": "docker-tools",
        "type": "github"
      }
    },
    "flake-utils": {
      "locked": {
        "lastModified": 1644229661,
        "narHash": "sha256-1YdnJAsNy69bpcjuoKdOYQX0YxZBiCYZo4Twxerqv7k=",
        "owner": "numtide",
        "repo": "flake-utils",
        "rev": "3cecb5b042f7f209c56ffd8371b2711a290ec797",
        "type": "github"
      },
      "original": {
        "owner": "numtide",
        "repo": "flake-utils",
        "type": "github"
      }
    },
    "nixpkgs": {
      "locked": {
        "lastModified": 1646470760,
        "narHash": "sha256-dQISyucVCCPaFioUhy5ZgfBz8rOMKGI8k13aPDFTqEs=",
        "owner": "nixos",
        "repo": "nixpkgs",
        "rev": "1fc7212a2c3992eedc6eedf498955c321ad81cc2",
        "type": "github"
      },
      "original": {
        "owner": "nixos",
        "ref": "nixpkgs-unstable",
        "repo": "nixpkgs",
        "type": "github"
      }
    },
    "root": {
      "inputs": {
        "docker-tools": "docker-tools",
        "flake-utils": "flake-utils",
        "nixpkgs": "nixpkgs",
        "rust-overlay": "rust-overlay"
      }
    },
    "rust-overlay": {
      "inputs": {
        "flake-utils": [
          "flake-utils"
        ],
        "nixpkgs": [
          "nixpkgs"
        ]
      },
      "locked": {
        "lastModified": 1651027770,
        "narHash": "sha256-L1tl7tezuIkDUgMkcDpg8zkfzPsysp2BMb4a7pT439s=",
        "owner": "oxalica",
        "repo": "rust-overlay",
        "rev": "628301be224ea8822f043fe9de9299dbcb356a3c",
        "type": "github"
      },
      "original": {
        "owner": "oxalica",
        "repo": "rust-overlay",
        "type": "github"
      }
    }
  },
  "root": "root",
  "version": 7
}
